
Microsoft Visual Studio Solution File, Format Version 11.00
# Visual Studio 2010
Project("{FAE04EC0-301F-11D3-BF4B-00C04F79EFBC}") = "AbstractBaseClass", "AbstractBaseClass\AbstractBaseClass.csproj", "{11A1D5A4-FBFF-49E2-B96B-DD5229A7C3EA}"
EndProject
Global
	GlobalSection(SolutionConfigurationPlatforms) = preSolution
		Debug|Any CPU = Debug|Any CPU
		Release|Any CPU = Release|Any CPU
	EndGlobalSection
	GlobalSection(ProjectConfigurationPlatforms) = postSolution
		{11A1D5A4-FBFF-49E2-B96B-DD5229A7C3EA}.Debug|Any CPU.ActiveCfg = Debug|Any CPU
		{11A1D5A4-FBFF-49E2-B96B-DD5229A7C3EA}.Debug|Any CPU.Build.0 = Debug|Any CPU
		{11A1D5A4-FBFF-49E2-B96B-DD5229A7C3EA}.Release|Any CPU.ActiveCfg = Release|Any CPU
		{11A1D5A4-FBFF-49E2-B96B-DD5229A7C3EA}.Release|Any CPU.Build.0 = Release|Any CPU
	EndGlobalSection
	GlobalSection(SolutionProperties) = preSolution
		HideSolutionNode = FALSE
	EndGlobalSection
EndGlobal
